<?xml version="1.0" encoding="utf-8"?>
<Project ToolsVersion="4.0" xmlns="http://schemas.microsoft.com/developer/msbuild/2003">
  <ItemGroup>
    <Filter Include="资源文件">
      <UniqueIdentifier>{67DA6AB6-F800-4c08-8B7A-83BB121AAD01}</UniqueIdentifier>
      <Extensions>rc;ico;cur;bmp;dlg;rc2;rct;bin;rgs;gif;jpg;jpeg;jpe;resx;tiff;tif;png;wav;mfcribbon-ms</Extensions>
    </Filter>
    <Filter Include="Materials">
      <UniqueIdentifier>{2e14acfd-9777-47bf-ae41-f12ccb88ae17}</UniqueIdentifier>
    </Filter>
    <Filter Include="ThirdParty">
      <UniqueIdentifier>{e0d973de-cc9c-404f-a12a-ec339751e58d}</UniqueIdentifier>
    </Filter>
    <Filter Include="ThirdParty\imgui">
      <UniqueIdentifier>{30cdf86f-3b8a-4730-b551-1900153657b4}</UniqueIdentifier>
    </Filter>
    <Filter Include="ThirdParty\glad">
      <UniqueIdentifier>{1cfe4628-b42f-4552-a534-6563db3fdff3}</UniqueIdentifier>
    </Filter>
    <Filter Include="Materials\Header">
      <UniqueIdentifier>{43df94dd-251e-4ded-9650-6797c5fa4d35}</UniqueIdentifier>
    </Filter>
    <Filter Include="Core">
      <UniqueIdentifier>{854ec3d9-a919-4b68-906d-e044ca0dbc69}</UniqueIdentifier>
    </Filter>
    <Filter Include="WindowsMain">
      <UniqueIdentifier>{84237b7b-d5ab-4160-8a37-419cc50bfaaf}</UniqueIdentifier>
    </Filter>
    <Filter Include="Assets">
      <UniqueIdentifier>{9b064b97-b855-4ac6-b917-55b48330e10c}</UniqueIdentifier>
    </Filter>
    <Filter Include="Component">
      <UniqueIdentifier>{62754661-ec6a-4013-bc7e-9e5f9f73d25d}</UniqueIdentifier>
    </Filter>
    <Filter Include="Platform">
      <UniqueIdentifier>{02c420ad-a007-484a-b415-386774709440}</UniqueIdentifier>
    </Filter>
    <Filter Include="Renderer">
      <UniqueIdentifier>{86109a35-71f6-47e5-951a-fab27f52adbd}</UniqueIdentifier>
    </Filter>
    <Filter Include="ThirdParty\glm">
      <UniqueIdentifier>{bb8a6f1c-2935-4074-bab4-8b1496163eba}</UniqueIdentifier>
    </Filter>
    <Filter Include="ThirdParty\assimp">
      <UniqueIdentifier>{10c56399-d9f2-4720-833d-54fe7a1c3d4c}</UniqueIdentifier>
    </Filter>
    <Filter Include="Editor">
      <UniqueIdentifier>{9e197c48-089b-4b84-b045-52f9ced31da1}</UniqueIdentifier>
    </Filter>
    <Filter Include="ThirdParty\boost">
      <UniqueIdentifier>{9e1e9f50-abe5-44b3-a078-c14f57e4f907}</UniqueIdentifier>
    </Filter>
    <Filter Include="ThirdParty\boost\filesystem">
      <UniqueIdentifier>{4d551f09-df75-426f-8c71-b59e04e9882a}</UniqueIdentifier>
    </Filter>
    <Filter Include="ThirdParty\mono">
      <UniqueIdentifier>{e4888bad-f711-41ad-aa1a-8536e90b150a}</UniqueIdentifier>
    </Filter>
  </ItemGroup>
  <ItemGroup>
    <ClCompile Include="Materials\Material.cpp">
      <Filter>Materials</Filter>
    </ClCompile>
    <ClCompile Include="ThirdParty\imgui\imgui.cpp">
      <Filter>ThirdParty\imgui</Filter>
    </ClCompile>
    <ClCompile Include="ThirdParty\imgui\imgui_demo.cpp">
      <Filter>ThirdParty\imgui</Filter>
    </ClCompile>
    <ClCompile Include="ThirdParty\imgui\imgui_draw.cpp">
      <Filter>ThirdParty\imgui</Filter>
    </ClCompile>
    <ClCompile Include="ThirdParty\imgui\imgui_tables.cpp">
      <Filter>ThirdParty\imgui</Filter>
    </ClCompile>
    <ClCompile Include="ThirdParty\imgui\imgui_widgets.cpp">
      <Filter>ThirdParty\imgui</Filter>
    </ClCompile>
    <ClCompile Include="ThirdParty\glad\src\gl.c">
      <Filter>ThirdParty\glad</Filter>
    </ClCompile>
    <ClCompile Include="Core\Debug.cpp">
      <Filter>Core</Filter>
    </ClCompile>
    <ClCompile Include="Core\GameObject.cpp">
      <Filter>Core</Filter>
    </ClCompile>
    <ClCompile Include="Core\Scene.cpp">
      <Filter>Core</Filter>
    </ClCompile>
    <ClCompile Include="Core\ShaderProgram.cpp">
      <Filter>Core</Filter>
    </ClCompile>
    <ClCompile Include="Core\std_handler.cpp">
      <Filter>Core</Filter>
    </ClCompile>
    <ClCompile Include="Core\Utils.cpp">
      <Filter>Core</Filter>
    </ClCompile>
    <ClCompile Include="WindowsMain\ZaxEngine.cpp">
      <Filter>WindowsMain</Filter>
    </ClCompile>
    <ClCompile Include="Assets\AssetModel.cpp">
      <Filter>Assets</Filter>
    </ClCompile>
    <ClCompile Include="Component\Camera.cpp">
      <Filter>Component</Filter>
    </ClCompile>
    <ClCompile Include="Component\Light.cpp">
      <Filter>Component</Filter>
    </ClCompile>
    <ClCompile Include="Component\MeshRenderer.cpp">
      <Filter>Component</Filter>
    </ClCompile>
    <ClCompile Include="Component\Transform.cpp">
      <Filter>Component</Filter>
    </ClCompile>
    <ClCompile Include="ThirdParty\imgui\backends\imgui_impl_glfw.cpp">
      <Filter>ThirdParty\imgui</Filter>
    </ClCompile>
    <ClCompile Include="ThirdParty\imgui\backends\imgui_impl_opengl3.cpp">
      <Filter>ThirdParty\imgui</Filter>
    </ClCompile>
    <ClCompile Include="Component\PostProcess.cpp">
      <Filter>Component</Filter>
    </ClCompile>
    <ClCompile Include="Core\Application.cpp">
      <Filter>Core</Filter>
    </ClCompile>
    <ClCompile Include="Core\Mesh.cpp">
      <Filter>Core</Filter>
    </ClCompile>
    <ClCompile Include="Renderer\FrameBuffer.cpp">
      <Filter>Renderer</Filter>
    </ClCompile>
    <ClCompile Include="Renderer\SceneRenderer.cpp">
      <Filter>Renderer</Filter>
    </ClCompile>
    <ClCompile Include="Core\Vector.cpp">
      <Filter>Core</Filter>
    </ClCompile>
    <ClCompile Include="Editor\Window\EditorWindow.cpp">
      <Filter>Editor</Filter>
    </ClCompile>
    <ClCompile Include="Editor\Window\OpenWindow.cpp">
      <Filter>Editor</Filter>
    </ClCompile>
    <ClCompile Include="Core\WindowBase.cpp">
      <Filter>Core</Filter>
    </ClCompile>
    <ClCompile Include="Editor\Window\CommonFileDialogApp.cpp">
      <Filter>Editor</Filter>
    </ClCompile>
    <ClCompile Include="Core\ZObject.cpp">
      <Filter>Core</Filter>
    </ClCompile>
    <ClCompile Include="Core\SceneManager.cpp">
      <Filter>Core</Filter>
    </ClCompile>
    <ClCompile Include="Editor\ProjectConfig.cpp">
      <Filter>Editor</Filter>
    </ClCompile>
    <ClCompile Include="WindowsMain\MonoEntry.cpp">
      <Filter>WindowsMain</Filter>
    </ClCompile>
    <ClCompile Include="Core\Texture.cpp">
      <Filter>Core</Filter>
    </ClCompile>
  </ItemGroup>
  <ItemGroup>
    <ClInclude Include="Materials\Material.h">
      <Filter>Materials\Header</Filter>
    </ClInclude>
    <ClInclude Include="Materials\DefualtMaterial.h">
      <Filter>Materials\Header</Filter>
    </ClInclude>
    <ClInclude Include="Materials\BlinnPhongMaterial.h">
      <Filter>Materials\Header</Filter>
    </ClInclude>
    <ClInclude Include="Core\Debug.h">
      <Filter>Core</Filter>
    </ClInclude>
    <ClInclude Include="Core\GameObject.h">
      <Filter>Core</Filter>
    </ClInclude>
    <ClInclude Include="Core\Scene.h">
      <Filter>Core</Filter>
    </ClInclude>
    <ClInclude Include="Core\ShaderProgram.h">
      <Filter>Core</Filter>
    </ClInclude>
    <ClInclude Include="Core\Utils.h">
      <Filter>Core</Filter>
    </ClInclude>
    <ClInclude Include="WindowsMain\ZaxEngine.h">
      <Filter>WindowsMain</Filter>
    </ClInclude>
    <ClInclude Include="Assets\AssetModel.h">
      <Filter>Assets</Filter>
    </ClInclude>
    <ClInclude Include="Component\Camera.h">
      <Filter>Component</Filter>
    </ClInclude>
    <ClInclude Include="Component\Light.h">
      <Filter>Component</Filter>
    </ClInclude>
    <ClInclude Include="Component\MeshRenderer.h">
      <Filter>Component</Filter>
    </ClInclude>
    <ClInclude Include="Platform\windows.h">
      <Filter>Platform</Filter>
    </ClInclude>
    <ClInclude Include="Component\Component.h">
      <Filter>Component</Filter>
    </ClInclude>
    <ClInclude Include="Component\Transform.h">
      <Filter>Component</Filter>
    </ClInclude>
    <ClInclude Include="Core\Color.h">
      <Filter>Core</Filter>
    </ClInclude>
    <ClInclude Include="Component\PostProcess.h">
      <Filter>Component</Filter>
    </ClInclude>
    <ClInclude Include="Core\Mesh.h">
      <Filter>Core</Filter>
    </ClInclude>
    <ClInclude Include="Core\Application.h">
      <Filter>Core</Filter>
    </ClInclude>
    <ClInclude Include="Component\Skybox.h">
      <Filter>Component</Filter>
    </ClInclude>
    <ClInclude Include="Materials\ReflectionCubeMaterial.h">
      <Filter>Materials\Header</Filter>
    </ClInclude>
    <ClInclude Include="Renderer\FrameBuffer.h">
      <Filter>Renderer</Filter>
    </ClInclude>
    <ClInclude Include="Renderer\SceneRenderer.h">
      <Filter>Renderer</Filter>
    </ClInclude>
    <ClInclude Include="Renderer\ShadowFrameBuffer.h">
      <Filter>Renderer</Filter>
    </ClInclude>
    <ClInclude Include="Core\Vertex.h">
      <Filter>Core</Filter>
    </ClInclude>
    <ClInclude Include="Core\Vector.h">
      <Filter>Core</Filter>
    </ClInclude>
    <ClInclude Include="ThirdParty\glm\glm.hpp">
      <Filter>ThirdParty\glm</Filter>
    </ClInclude>
    <ClInclude Include="ThirdParty\assimp\include\assimp\Importer.hpp">
      <Filter>ThirdParty\assimp</Filter>
    </ClInclude>
    <ClInclude Include="ThirdParty\assimp\include\assimp\postprocess.h">
      <Filter>ThirdParty\assimp</Filter>
    </ClInclude>
    <ClInclude Include="Renderer\ShadowFrameBufferBase.h">
      <Filter>Renderer</Filter>
    </ClInclude>
    <ClInclude Include="Editor\Window\EditorWindow.h">
      <Filter>Editor</Filter>
    </ClInclude>
    <ClInclude Include="Editor\Window\OpenWindow.h">
      <Filter>Editor</Filter>
    </ClInclude>
    <ClInclude Include="ThirdParty\boost\filesystem\path.hpp">
      <Filter>ThirdParty\boost\filesystem</Filter>
    </ClInclude>
    <ClInclude Include="Core\WindowBase.h">
      <Filter>Core</Filter>
    </ClInclude>
    <ClInclude Include="Editor\Window\CommonFileDialogApp.h">
      <Filter>Editor</Filter>
    </ClInclude>
    <ClInclude Include="Core\ZObject.h">
      <Filter>Core</Filter>
    </ClInclude>
    <ClInclude Include="Core\SceneManager.h">
      <Filter>Core</Filter>
    </ClInclude>
    <ClInclude Include="Editor\ProjectConfig.h">
      <Filter>Editor</Filter>
    </ClInclude>
    <ClInclude Include="resource.h" />
    <ClInclude Include="WindowsMain\MonoEntry.h">
      <Filter>WindowsMain</Filter>
    </ClInclude>
    <ClInclude Include="Core\Texture.h">
      <Filter>Core</Filter>
    </ClInclude>
  </ItemGroup>
  <ItemGroup>
    <ResourceCompile Include="ZaxEngine.rc">
      <Filter>资源文件</Filter>
    </ResourceCompile>
  </ItemGroup>
</Project>