<?xml version="1.0" encoding="utf-8"?>
<Project ToolsVersion="4.0" xmlns="http://schemas.microsoft.com/developer/msbuild/2003">
  <ItemGroup>
    <Filter Include="资源文件">
      <UniqueIdentifier>{67DA6AB6-F800-4c08-8B7A-83BB121AAD01}</UniqueIdentifier>
      <Extensions>rc;ico;cur;bmp;dlg;rc2;rct;bin;rgs;gif;jpg;jpeg;jpe;resx;tiff;tif;png;wav;mfcribbon-ms</Extensions>
    </Filter>
    <Filter Include="ThirdParty">
      <UniqueIdentifier>{e0d973de-cc9c-404f-a12a-ec339751e58d}</UniqueIdentifier>
    </Filter>
    <Filter Include="ThirdParty\imgui">
      <UniqueIdentifier>{30cdf86f-3b8a-4730-b551-1900153657b4}</UniqueIdentifier>
    </Filter>
    <Filter Include="ThirdParty\glad">
      <UniqueIdentifier>{1cfe4628-b42f-4552-a534-6563db3fdff3}</UniqueIdentifier>
    </Filter>
    <Filter Include="ThirdParty\glm">
      <UniqueIdentifier>{bb8a6f1c-2935-4074-bab4-8b1496163eba}</UniqueIdentifier>
    </Filter>
    <Filter Include="ThirdParty\assimp">
      <UniqueIdentifier>{10c56399-d9f2-4720-833d-54fe7a1c3d4c}</UniqueIdentifier>
    </Filter>
    <Filter Include="Editor">
      <UniqueIdentifier>{9e197c48-089b-4b84-b045-52f9ced31da1}</UniqueIdentifier>
    </Filter>
    <Filter Include="ThirdParty\boost">
      <UniqueIdentifier>{9e1e9f50-abe5-44b3-a078-c14f57e4f907}</UniqueIdentifier>
    </Filter>
    <Filter Include="ThirdParty\boost\filesystem">
      <UniqueIdentifier>{4d551f09-df75-426f-8c71-b59e04e9882a}</UniqueIdentifier>
    </Filter>
    <Filter Include="ThirdParty\mono">
      <UniqueIdentifier>{e4888bad-f711-41ad-aa1a-8536e90b150a}</UniqueIdentifier>
    </Filter>
    <Filter Include="Scripting">
      <UniqueIdentifier>{daa61037-84e7-4b9c-9710-c07af81c5cf0}</UniqueIdentifier>
    </Filter>
    <Filter Include="Editor\Inspector">
      <UniqueIdentifier>{cec2aa9f-415b-427c-bf11-954831e1d8ec}</UniqueIdentifier>
    </Filter>
    <Filter Include="ThirdParty\JoltPhysics">
      <UniqueIdentifier>{12a51e0e-5f3d-4ee0-a077-248504235abf}</UniqueIdentifier>
    </Filter>
    <Filter Include="ThirdParty\JoltPhysics\Jolt">
      <UniqueIdentifier>{5a439a20-e061-4e63-adfb-796115e8ebf2}</UniqueIdentifier>
    </Filter>
    <Filter Include="ThirdParty\JoltPhysics\Jolt\Physics">
      <UniqueIdentifier>{9d7e023d-63af-4c84-a420-7aa5a72d6d4e}</UniqueIdentifier>
    </Filter>
    <Filter Include="ThirdParty\JoltPhysics\Jolt\Physics\Collision">
      <UniqueIdentifier>{c3a23bc4-e056-4bac-83c2-ab326c118c1d}</UniqueIdentifier>
    </Filter>
    <Filter Include="ThirdParty\JoltPhysics\Jolt\Physics\Collision\Shape">
      <UniqueIdentifier>{cbc507c6-3c91-451a-9235-3ee61bb1f375}</UniqueIdentifier>
    </Filter>
    <Filter Include="ThirdParty\JoltPhysics\Jolt\Core">
      <UniqueIdentifier>{fc89fc2e-4e25-4858-8dc2-fddd4311c9fa}</UniqueIdentifier>
    </Filter>
    <Filter Include="Runtime">
      <UniqueIdentifier>{79add176-585a-4ccc-ab3a-3e491b47e50b}</UniqueIdentifier>
    </Filter>
    <Filter Include="Scripting\CS">
      <UniqueIdentifier>{4ec4768f-c7be-4704-afe6-5a7b03279933}</UniqueIdentifier>
    </Filter>
    <Filter Include="Scripting\CS\Binding">
      <UniqueIdentifier>{4a000fac-3637-456d-97ad-f1957e023663}</UniqueIdentifier>
    </Filter>
    <Filter Include="Runtime\Core">
      <UniqueIdentifier>{854ec3d9-a919-4b68-906d-e044ca0dbc69}</UniqueIdentifier>
    </Filter>
    <Filter Include="Runtime\Core\InputSystem">
      <UniqueIdentifier>{4b4a4498-ea3d-462d-9ecc-0d58d9204743}</UniqueIdentifier>
    </Filter>
    <Filter Include="Runtime\Core\Event">
      <UniqueIdentifier>{3e84bf3b-c51f-48b0-a6d8-051eccb9c518}</UniqueIdentifier>
    </Filter>
    <Filter Include="Runtime\Renderer">
      <UniqueIdentifier>{86109a35-71f6-47e5-951a-fab27f52adbd}</UniqueIdentifier>
    </Filter>
    <Filter Include="Runtime\Component">
      <UniqueIdentifier>{62754661-ec6a-4013-bc7e-9e5f9f73d25d}</UniqueIdentifier>
    </Filter>
    <Filter Include="Runtime\Assets">
      <UniqueIdentifier>{9b064b97-b855-4ac6-b917-55b48330e10c}</UniqueIdentifier>
    </Filter>
    <Filter Include="Runtime\Physics">
      <UniqueIdentifier>{205e3d3c-8dc4-4b5c-b9e2-53607e33574f}</UniqueIdentifier>
    </Filter>
    <Filter Include="Runtime\Platform">
      <UniqueIdentifier>{02c420ad-a007-484a-b415-386774709440}</UniqueIdentifier>
    </Filter>
    <Filter Include="Runtime\WindowsMain">
      <UniqueIdentifier>{84237b7b-d5ab-4160-8a37-419cc50bfaaf}</UniqueIdentifier>
    </Filter>
    <Filter Include="Runtime\Audio">
      <UniqueIdentifier>{79a282fc-5d63-4c69-9689-3dd96fc5c236}</UniqueIdentifier>
    </Filter>
    <Filter Include="ThirdParty\miniaudio">
      <UniqueIdentifier>{00a396c2-6916-43cd-937c-fd0aea0b364c}</UniqueIdentifier>
    </Filter>
  </ItemGroup>
  <ItemGroup>
    <ClCompile Include="ThirdParty\imgui\imgui.cpp">
      <Filter>ThirdParty\imgui</Filter>
    </ClCompile>
    <ClCompile Include="ThirdParty\imgui\imgui_demo.cpp">
      <Filter>ThirdParty\imgui</Filter>
    </ClCompile>
    <ClCompile Include="ThirdParty\imgui\imgui_draw.cpp">
      <Filter>ThirdParty\imgui</Filter>
    </ClCompile>
    <ClCompile Include="ThirdParty\imgui\imgui_tables.cpp">
      <Filter>ThirdParty\imgui</Filter>
    </ClCompile>
    <ClCompile Include="ThirdParty\imgui\imgui_widgets.cpp">
      <Filter>ThirdParty\imgui</Filter>
    </ClCompile>
    <ClCompile Include="ThirdParty\glad\src\gl.c">
      <Filter>ThirdParty\glad</Filter>
    </ClCompile>
    <ClCompile Include="Runtime\Core\Debug.cpp">
      <Filter>Runtime\Core</Filter>
    </ClCompile>
    <ClCompile Include="Runtime\Core\GameObject.cpp">
      <Filter>Runtime\Core</Filter>
    </ClCompile>
    <ClCompile Include="Runtime\Core\Scene.cpp">
      <Filter>Runtime\Core</Filter>
    </ClCompile>
    <ClCompile Include="Runtime\Core\ShaderProgram.cpp">
      <Filter>Runtime\Core</Filter>
    </ClCompile>
    <ClCompile Include="Runtime\Core\std_handler.cpp">
      <Filter>Runtime\Core</Filter>
    </ClCompile>
    <ClCompile Include="Runtime\Core\Utils.cpp">
      <Filter>Runtime\Core</Filter>
    </ClCompile>
    <ClCompile Include="Runtime\WindowsMain\ZaxEngine.cpp">
      <Filter>Runtime\WindowsMain</Filter>
    </ClCompile>
    <ClCompile Include="Runtime\Assets\AssetModel.cpp">
      <Filter>Runtime\Assets</Filter>
    </ClCompile>
    <ClCompile Include="Runtime\Component\Camera.cpp">
      <Filter>Runtime\Component</Filter>
    </ClCompile>
    <ClCompile Include="Runtime\Component\Light.cpp">
      <Filter>Runtime\Component</Filter>
    </ClCompile>
    <ClCompile Include="Runtime\Component\MeshRenderer.cpp">
      <Filter>Runtime\Component</Filter>
    </ClCompile>
    <ClCompile Include="Runtime\Component\Transform.cpp">
      <Filter>Runtime\Component</Filter>
    </ClCompile>
    <ClCompile Include="ThirdParty\imgui\backends\imgui_impl_glfw.cpp">
      <Filter>ThirdParty\imgui</Filter>
    </ClCompile>
    <ClCompile Include="ThirdParty\imgui\backends\imgui_impl_opengl3.cpp">
      <Filter>ThirdParty\imgui</Filter>
    </ClCompile>
    <ClCompile Include="Runtime\Component\PostProcess.cpp">
      <Filter>Runtime\Component</Filter>
    </ClCompile>
    <ClCompile Include="Runtime\Core\Application.cpp">
      <Filter>Runtime\Core</Filter>
    </ClCompile>
    <ClCompile Include="Runtime\Core\Mesh.cpp">
      <Filter>Runtime\Core</Filter>
    </ClCompile>
    <ClCompile Include="Runtime\Renderer\FrameBuffer.cpp">
      <Filter>Runtime\Renderer</Filter>
    </ClCompile>
    <ClCompile Include="Runtime\Renderer\SceneRenderer.cpp">
      <Filter>Runtime\Renderer</Filter>
    </ClCompile>
    <ClCompile Include="Runtime\Core\Vector.cpp">
      <Filter>Runtime\Core</Filter>
    </ClCompile>
    <ClCompile Include="Editor\Window\EditorWindow.cpp">
      <Filter>Editor</Filter>
    </ClCompile>
    <ClCompile Include="Editor\Window\OpenWindow.cpp">
      <Filter>Editor</Filter>
    </ClCompile>
    <ClCompile Include="Runtime\Core\WindowBase.cpp">
      <Filter>Runtime\Core</Filter>
    </ClCompile>
    <ClCompile Include="Editor\Window\CommonFileDialogApp.cpp">
      <Filter>Editor</Filter>
    </ClCompile>
    <ClCompile Include="Runtime\Core\ZObject.cpp">
      <Filter>Runtime\Core</Filter>
    </ClCompile>
    <ClCompile Include="Runtime\Core\SceneManager.cpp">
      <Filter>Runtime\Core</Filter>
    </ClCompile>
    <ClCompile Include="Editor\ProjectConfig.cpp">
      <Filter>Editor</Filter>
    </ClCompile>
    <ClCompile Include="Runtime\Core\Texture.cpp">
      <Filter>Runtime\Core</Filter>
    </ClCompile>
    <ClCompile Include="Runtime\Core\Material.cpp">
      <Filter>Runtime\Core</Filter>
    </ClCompile>
    <ClCompile Include="Scripting\CS\Bindings\SceneBinding.cpp">
      <Filter>Scripting\CS\Binding</Filter>
    </ClCompile>
    <ClCompile Include="Scripting\CS\MonoRegisterInternalCall.cpp">
      <Filter>Scripting\CS</Filter>
    </ClCompile>
    <ClCompile Include="Scripting\CS\Bindings\MeshBinding.cpp">
      <Filter>Scripting\CS\Binding</Filter>
    </ClCompile>
    <ClCompile Include="Scripting\CS\Bindings\ApplicationBinding.cpp">
      <Filter>Scripting\CS\Binding</Filter>
    </ClCompile>
    <ClCompile Include="Scripting\CS\MonoEntry.cpp">
      <Filter>Scripting\CS</Filter>
    </ClCompile>
    <ClCompile Include="Scripting\CS\Bindings\BindingHelper.cpp">
      <Filter>Scripting\CS\Binding</Filter>
    </ClCompile>
    <ClCompile Include="Scripting\CS\Bindings\BindingCommon.cpp">
      <Filter>Scripting\CS\Binding</Filter>
    </ClCompile>
    <ClCompile Include="Scripting\CS\Bindings\ShaderProgramBinding.cpp">
      <Filter>Scripting\CS\Binding</Filter>
    </ClCompile>
    <ClCompile Include="Scripting\CS\Bindings\MaterialBinding.cpp">
      <Filter>Scripting\CS\Binding</Filter>
    </ClCompile>
    <ClCompile Include="Scripting\CS\Bindings\TextureBinding.cpp">
      <Filter>Scripting\CS\Binding</Filter>
    </ClCompile>
    <ClCompile Include="Runtime\Core\ZString.cpp">
      <Filter>Runtime\Core</Filter>
    </ClCompile>
    <ClCompile Include="Scripting\CS\Bindings\GameObjectBinding.cpp">
      <Filter>Scripting\CS\Binding</Filter>
    </ClCompile>
    <ClCompile Include="Scripting\CS\Bindings\TransformBinding.cpp">
      <Filter>Scripting\CS\Binding</Filter>
    </ClCompile>
    <ClCompile Include="Scripting\CS\Bindings\SkyboxBinding.cpp">
      <Filter>Scripting\CS\Binding</Filter>
    </ClCompile>
    <ClCompile Include="Scripting\CS\Bindings\MeshRendererBinding.cpp">
      <Filter>Scripting\CS\Binding</Filter>
    </ClCompile>
    <ClCompile Include="Scripting\ScriptObject.cpp">
      <Filter>Scripting</Filter>
    </ClCompile>
    <ClCompile Include="Scripting\CS\Bindings\CameraBinding.cpp">
      <Filter>Scripting\CS\Binding</Filter>
    </ClCompile>
    <ClCompile Include="Scripting\CS\Bindings\PostProcessBinding.cpp">
      <Filter>Scripting\CS\Binding</Filter>
    </ClCompile>
    <ClCompile Include="Scripting\CS\Bindings\ComponentBinding.cpp">
      <Filter>Scripting\CS\Binding</Filter>
    </ClCompile>
    <ClCompile Include="Scripting\CS\Bindings\LightBinding.cpp">
      <Filter>Scripting\CS\Binding</Filter>
    </ClCompile>
    <ClCompile Include="Scripting\CS\Bindings\GameComponentBinding.cpp">
      <Filter>Scripting\CS\Binding</Filter>
    </ClCompile>
    <ClCompile Include="Scripting\ScriptFunc.cpp">
      <Filter>Scripting</Filter>
    </ClCompile>
    <ClCompile Include="Scripting\CS\Bindings\DebugBinding.cpp">
      <Filter>Scripting\CS\Binding</Filter>
    </ClCompile>
    <ClCompile Include="Runtime\Core\PlatformTime.cpp">
      <Filter>Runtime\Core</Filter>
    </ClCompile>
    <ClCompile Include="Runtime\Component\Skybox.cpp">
      <Filter>Runtime\Component</Filter>
    </ClCompile>
    <ClCompile Include="Runtime\Component\Component.cpp">
      <Filter>Runtime\Component</Filter>
    </ClCompile>
    <ClCompile Include="Scripting\ScriptField.cpp">
      <Filter>Scripting</Filter>
    </ClCompile>
    <ClCompile Include="Editor\Inspector\InspectorEditor.cpp">
      <Filter>Editor\Inspector</Filter>
    </ClCompile>
    <ClCompile Include="Editor\Inspector\CameraEditor.cpp">
      <Filter>Editor\Inspector</Filter>
    </ClCompile>
    <ClCompile Include="Editor\Inspector\LightEditor.cpp">
      <Filter>Editor\Inspector</Filter>
    </ClCompile>
    <ClCompile Include="Editor\Inspector\MeshRendererEditor.cpp">
      <Filter>Editor\Inspector</Filter>
    </ClCompile>
    <ClCompile Include="Editor\Inspector\PostProcessEditor.cpp">
      <Filter>Editor\Inspector</Filter>
    </ClCompile>
    <ClCompile Include="Editor\Inspector\TransformEditor.cpp">
      <Filter>Editor\Inspector</Filter>
    </ClCompile>
    <ClCompile Include="Editor\Inspector\SkyboxEditor.cpp">
      <Filter>Editor\Inspector</Filter>
    </ClCompile>
    <ClCompile Include="Scripting\CS\Bindings\InputBinding.cpp">
      <Filter>Scripting\CS\Binding</Filter>
    </ClCompile>
    <ClCompile Include="Runtime\Core\InputSystem\Input.cpp">
      <Filter>Runtime\Core\InputSystem</Filter>
    </ClCompile>
    <ClCompile Include="Runtime\Component\BoxCollider.cpp">
      <Filter>Runtime\Component</Filter>
    </ClCompile>
    <ClCompile Include="Runtime\Component\Collider.cpp">
      <Filter>Runtime\Component</Filter>
    </ClCompile>
    <ClCompile Include="Runtime\Physics\PhysicsSystem.cpp">
      <Filter>Runtime\Physics</Filter>
    </ClCompile>
    <ClCompile Include="Runtime\Component\RigidBody.cpp">
      <Filter>Runtime\Component</Filter>
    </ClCompile>
    <ClCompile Include="Runtime\Core\Event\Event.cpp">
      <Filter>Runtime\Core\Event</Filter>
    </ClCompile>
    <ClCompile Include="Scripting\CS\Bindings\RigidBodyBinding.cpp">
      <Filter>Scripting\CS\Binding</Filter>
    </ClCompile>
    <ClCompile Include="Scripting\CS\Bindings\BoxColliderBinding.cpp">
      <Filter>Scripting\CS\Binding</Filter>
    </ClCompile>
    <ClCompile Include="Runtime\Core\Math.cpp">
      <Filter>Runtime\Core</Filter>
    </ClCompile>
    <ClCompile Include="Runtime\Audio\AudioEngine.cpp">
      <Filter>Runtime\Audio</Filter>
    </ClCompile>
    <ClCompile Include="ThirdParty\miniaudio\miniaudio.c">
      <Filter>ThirdParty\miniaudio</Filter>
    </ClCompile>
    <ClCompile Include="Scripting\CS\Bindings\AudioManagerBinding.cpp">
      <Filter>Scripting\CS\Binding</Filter>
    </ClCompile>
  </ItemGroup>
  <ItemGroup>
    <ClInclude Include="Runtime\Core\Debug.h">
      <Filter>Runtime\Core</Filter>
    </ClInclude>
    <ClInclude Include="Runtime\Core\GameObject.h">
      <Filter>Runtime\Core</Filter>
    </ClInclude>
    <ClInclude Include="Runtime\Core\Scene.h">
      <Filter>Runtime\Core</Filter>
    </ClInclude>
    <ClInclude Include="Runtime\Core\ShaderProgram.h">
      <Filter>Runtime\Core</Filter>
    </ClInclude>
    <ClInclude Include="Runtime\Core\Utils.h">
      <Filter>Runtime\Core</Filter>
    </ClInclude>
    <ClInclude Include="Runtime\WindowsMain\ZaxEngine.h">
      <Filter>Runtime\WindowsMain</Filter>
    </ClInclude>
    <ClInclude Include="Runtime\Assets\AssetModel.h">
      <Filter>Runtime\Assets</Filter>
    </ClInclude>
    <ClInclude Include="Runtime\Component\Camera.h">
      <Filter>Runtime\Component</Filter>
    </ClInclude>
    <ClInclude Include="Runtime\Component\Light.h">
      <Filter>Runtime\Component</Filter>
    </ClInclude>
    <ClInclude Include="Runtime\Component\MeshRenderer.h">
      <Filter>Runtime\Component</Filter>
    </ClInclude>
    <ClInclude Include="Runtime\Component\Component.h">
      <Filter>Runtime\Component</Filter>
    </ClInclude>
    <ClInclude Include="Runtime\Component\Transform.h">
      <Filter>Runtime\Component</Filter>
    </ClInclude>
    <ClInclude Include="Runtime\Core\Color.h">
      <Filter>Runtime\Core</Filter>
    </ClInclude>
    <ClInclude Include="Runtime\Component\PostProcess.h">
      <Filter>Runtime\Component</Filter>
    </ClInclude>
    <ClInclude Include="Runtime\Core\Mesh.h">
      <Filter>Runtime\Core</Filter>
    </ClInclude>
    <ClInclude Include="Runtime\Core\Application.h">
      <Filter>Runtime\Core</Filter>
    </ClInclude>
    <ClInclude Include="Runtime\Component\Skybox.h">
      <Filter>Runtime\Component</Filter>
    </ClInclude>
    <ClInclude Include="Runtime\Renderer\FrameBuffer.h">
      <Filter>Runtime\Renderer</Filter>
    </ClInclude>
    <ClInclude Include="Runtime\Renderer\SceneRenderer.h">
      <Filter>Runtime\Renderer</Filter>
    </ClInclude>
    <ClInclude Include="Runtime\Renderer\ShadowFrameBuffer.h">
      <Filter>Runtime\Renderer</Filter>
    </ClInclude>
    <ClInclude Include="Runtime\Core\Vertex.h">
      <Filter>Runtime\Core</Filter>
    </ClInclude>
    <ClInclude Include="Runtime\Core\Vector.h">
      <Filter>Runtime\Core</Filter>
    </ClInclude>
    <ClInclude Include="ThirdParty\glm\glm.hpp">
      <Filter>ThirdParty\glm</Filter>
    </ClInclude>
    <ClInclude Include="ThirdParty\assimp\include\assimp\Importer.hpp">
      <Filter>ThirdParty\assimp</Filter>
    </ClInclude>
    <ClInclude Include="ThirdParty\assimp\include\assimp\postprocess.h">
      <Filter>ThirdParty\assimp</Filter>
    </ClInclude>
    <ClInclude Include="Runtime\Renderer\ShadowFrameBufferBase.h">
      <Filter>Runtime\Renderer</Filter>
    </ClInclude>
    <ClInclude Include="Editor\Window\EditorWindow.h">
      <Filter>Editor</Filter>
    </ClInclude>
    <ClInclude Include="Editor\Window\OpenWindow.h">
      <Filter>Editor</Filter>
    </ClInclude>
    <ClInclude Include="ThirdParty\boost\filesystem\path.hpp">
      <Filter>ThirdParty\boost\filesystem</Filter>
    </ClInclude>
    <ClInclude Include="Runtime\Core\WindowBase.h">
      <Filter>Runtime\Core</Filter>
    </ClInclude>
    <ClInclude Include="Editor\Window\CommonFileDialogApp.h">
      <Filter>Editor</Filter>
    </ClInclude>
    <ClInclude Include="Runtime\Core\ZObject.h">
      <Filter>Runtime\Core</Filter>
    </ClInclude>
    <ClInclude Include="Runtime\Core\SceneManager.h">
      <Filter>Runtime\Core</Filter>
    </ClInclude>
    <ClInclude Include="Editor\ProjectConfig.h">
      <Filter>Editor</Filter>
    </ClInclude>
    <ClInclude Include="resource.h" />
    <ClInclude Include="Runtime\Core\Texture.h">
      <Filter>Runtime\Core</Filter>
    </ClInclude>
    <ClInclude Include="Runtime\Core\Material.h">
      <Filter>Runtime\Core</Filter>
    </ClInclude>
    <ClInclude Include="Scripting\CS\Bindings\SceneBinding.h">
      <Filter>Scripting\CS\Binding</Filter>
    </ClInclude>
    <ClInclude Include="Scripting\CS\MonoRegisterInternalCall.h">
      <Filter>Scripting\CS</Filter>
    </ClInclude>
    <ClInclude Include="Scripting\CS\Bindings\MeshBinding.h">
      <Filter>Scripting\CS\Binding</Filter>
    </ClInclude>
    <ClInclude Include="Scripting\CS\Bindings\ApplicationBinding.h">
      <Filter>Scripting\CS\Binding</Filter>
    </ClInclude>
    <ClInclude Include="Scripting\CS\MonoEntry.h">
      <Filter>Scripting\CS</Filter>
    </ClInclude>
    <ClInclude Include="Scripting\CS\Bindings\BindingHelper.h">
      <Filter>Scripting\CS\Binding</Filter>
    </ClInclude>
    <ClInclude Include="Scripting\CS\Bindings\BindingCommon.h">
      <Filter>Scripting\CS\Binding</Filter>
    </ClInclude>
    <ClInclude Include="Scripting\CS\Bindings\ShaderProgramBinding.h">
      <Filter>Scripting\CS\Binding</Filter>
    </ClInclude>
    <ClInclude Include="Scripting\CS\Bindings\MaterialBinding.h">
      <Filter>Scripting\CS\Binding</Filter>
    </ClInclude>
    <ClInclude Include="Scripting\CS\Bindings\TextureBinding.h">
      <Filter>Scripting\CS\Binding</Filter>
    </ClInclude>
    <ClInclude Include="Runtime\Core\ZString.h">
      <Filter>Runtime\Core</Filter>
    </ClInclude>
    <ClInclude Include="Scripting\CS\Bindings\GameObjectBinding.h">
      <Filter>Scripting\CS\Binding</Filter>
    </ClInclude>
    <ClInclude Include="Scripting\CS\Bindings\TransformBinding.h">
      <Filter>Scripting\CS\Binding</Filter>
    </ClInclude>
    <ClInclude Include="Scripting\CS\Bindings\SkyboxBinding.h">
      <Filter>Scripting\CS\Binding</Filter>
    </ClInclude>
    <ClInclude Include="Scripting\CS\Bindings\MeshRendererBinding.h">
      <Filter>Scripting\CS\Binding</Filter>
    </ClInclude>
    <ClInclude Include="Scripting\ScriptObject.h">
      <Filter>Scripting</Filter>
    </ClInclude>
    <ClInclude Include="Scripting\CS\Bindings\CameraBinding.h">
      <Filter>Scripting\CS\Binding</Filter>
    </ClInclude>
    <ClInclude Include="Scripting\CS\Bindings\PostProcessBinding.h">
      <Filter>Scripting\CS\Binding</Filter>
    </ClInclude>
    <ClInclude Include="Scripting\CS\Bindings\ComponentBinding.h">
      <Filter>Scripting\CS\Binding</Filter>
    </ClInclude>
    <ClInclude Include="Scripting\CS\Bindings\LightBinding.h">
      <Filter>Scripting\CS\Binding</Filter>
    </ClInclude>
    <ClInclude Include="Scripting\CS\Bindings\GameComponentBinding.h">
      <Filter>Scripting\CS\Binding</Filter>
    </ClInclude>
    <ClInclude Include="Scripting\ScriptFunc.h">
      <Filter>Scripting</Filter>
    </ClInclude>
    <ClInclude Include="Scripting\CS\Bindings\DebugBinding.h">
      <Filter>Scripting\CS\Binding</Filter>
    </ClInclude>
    <ClInclude Include="Runtime\Core\PlatformTime.h">
      <Filter>Runtime\Core</Filter>
    </ClInclude>
    <ClInclude Include="Scripting\ScriptField.h">
      <Filter>Scripting</Filter>
    </ClInclude>
    <ClInclude Include="Editor\Inspector\InspectorEditor.h">
      <Filter>Editor\Inspector</Filter>
    </ClInclude>
    <ClInclude Include="Editor\Inspector\CameraEditor.h">
      <Filter>Editor\Inspector</Filter>
    </ClInclude>
    <ClInclude Include="Editor\Inspector\LightEditor.h">
      <Filter>Editor\Inspector</Filter>
    </ClInclude>
    <ClInclude Include="Editor\Inspector\MeshRendererEditor.h">
      <Filter>Editor\Inspector</Filter>
    </ClInclude>
    <ClInclude Include="Editor\Inspector\PostProcessEditor.h">
      <Filter>Editor\Inspector</Filter>
    </ClInclude>
    <ClInclude Include="Editor\Inspector\TransformEditor.h">
      <Filter>Editor\Inspector</Filter>
    </ClInclude>
    <ClInclude Include="Editor\Inspector\SkyboxEditor.h">
      <Filter>Editor\Inspector</Filter>
    </ClInclude>
    <ClInclude Include="Scripting\CS\Bindings\InputBinding.h">
      <Filter>Scripting\CS\Binding</Filter>
    </ClInclude>
    <ClInclude Include="Runtime\Core\InputSystem\Input.h">
      <Filter>Runtime\Core\InputSystem</Filter>
    </ClInclude>
    <ClInclude Include="ThirdParty\stb_image.h">
      <Filter>ThirdParty</Filter>
    </ClInclude>
    <ClInclude Include="Runtime\Component\BoxCollider.h">
      <Filter>Runtime\Component</Filter>
    </ClInclude>
    <ClInclude Include="Runtime\Component\Collider.h">
      <Filter>Runtime\Component</Filter>
    </ClInclude>
    <ClInclude Include="ThirdParty\JoltPhysics\Jolt\Jolt.h">
      <Filter>ThirdParty\JoltPhysics\Jolt</Filter>
    </ClInclude>
    <ClInclude Include="ThirdParty\JoltPhysics\Jolt\Physics\Collision\Shape\BoxShape.h">
      <Filter>ThirdParty\JoltPhysics\Jolt\Physics\Collision\Shape</Filter>
    </ClInclude>
    <ClInclude Include="ThirdParty\JoltPhysics\Jolt\Physics\Collision\Shape\CapsuleShape.h">
      <Filter>ThirdParty\JoltPhysics\Jolt\Physics\Collision\Shape</Filter>
    </ClInclude>
    <ClInclude Include="ThirdParty\JoltPhysics\Jolt\Physics\Collision\Shape\CompoundShape.h">
      <Filter>ThirdParty\JoltPhysics\Jolt\Physics\Collision\Shape</Filter>
    </ClInclude>
    <ClInclude Include="ThirdParty\JoltPhysics\Jolt\Physics\Collision\Shape\CompoundShapeVisitors.h">
      <Filter>ThirdParty\JoltPhysics\Jolt\Physics\Collision\Shape</Filter>
    </ClInclude>
    <ClInclude Include="ThirdParty\JoltPhysics\Jolt\Physics\Collision\Shape\ConvexHullShape.h">
      <Filter>ThirdParty\JoltPhysics\Jolt\Physics\Collision\Shape</Filter>
    </ClInclude>
    <ClInclude Include="ThirdParty\JoltPhysics\Jolt\Physics\Collision\Shape\ConvexShape.h">
      <Filter>ThirdParty\JoltPhysics\Jolt\Physics\Collision\Shape</Filter>
    </ClInclude>
    <ClInclude Include="ThirdParty\JoltPhysics\Jolt\Physics\Collision\Shape\CylinderShape.h">
      <Filter>ThirdParty\JoltPhysics\Jolt\Physics\Collision\Shape</Filter>
    </ClInclude>
    <ClInclude Include="ThirdParty\JoltPhysics\Jolt\Physics\Collision\Shape\DecoratedShape.h">
      <Filter>ThirdParty\JoltPhysics\Jolt\Physics\Collision\Shape</Filter>
    </ClInclude>
    <ClInclude Include="ThirdParty\JoltPhysics\Jolt\Physics\Collision\Shape\EmptyShape.h">
      <Filter>ThirdParty\JoltPhysics\Jolt\Physics\Collision\Shape</Filter>
    </ClInclude>
    <ClInclude Include="ThirdParty\JoltPhysics\Jolt\Physics\Collision\Shape\GetTrianglesContext.h">
      <Filter>ThirdParty\JoltPhysics\Jolt\Physics\Collision\Shape</Filter>
    </ClInclude>
    <ClInclude Include="ThirdParty\JoltPhysics\Jolt\Physics\Collision\Shape\HeightFieldShape.h">
      <Filter>ThirdParty\JoltPhysics\Jolt\Physics\Collision\Shape</Filter>
    </ClInclude>
    <ClInclude Include="ThirdParty\JoltPhysics\Jolt\Physics\Collision\Shape\MeshShape.h">
      <Filter>ThirdParty\JoltPhysics\Jolt\Physics\Collision\Shape</Filter>
    </ClInclude>
    <ClInclude Include="ThirdParty\JoltPhysics\Jolt\Physics\Collision\Shape\MutableCompoundShape.h">
      <Filter>ThirdParty\JoltPhysics\Jolt\Physics\Collision\Shape</Filter>
    </ClInclude>
    <ClInclude Include="ThirdParty\JoltPhysics\Jolt\Physics\Collision\Shape\OffsetCenterOfMassShape.h">
      <Filter>ThirdParty\JoltPhysics\Jolt\Physics\Collision\Shape</Filter>
    </ClInclude>
    <ClInclude Include="ThirdParty\JoltPhysics\Jolt\Physics\Collision\Shape\PlaneShape.h">
      <Filter>ThirdParty\JoltPhysics\Jolt\Physics\Collision\Shape</Filter>
    </ClInclude>
    <ClInclude Include="ThirdParty\JoltPhysics\Jolt\Physics\Collision\Shape\PolyhedronSubmergedVolumeCalculator.h">
      <Filter>ThirdParty\JoltPhysics\Jolt\Physics\Collision\Shape</Filter>
    </ClInclude>
    <ClInclude Include="ThirdParty\JoltPhysics\Jolt\Physics\Collision\Shape\RotatedTranslatedShape.h">
      <Filter>ThirdParty\JoltPhysics\Jolt\Physics\Collision\Shape</Filter>
    </ClInclude>
    <ClInclude Include="ThirdParty\JoltPhysics\Jolt\Physics\Collision\Shape\ScaledShape.h">
      <Filter>ThirdParty\JoltPhysics\Jolt\Physics\Collision\Shape</Filter>
    </ClInclude>
    <ClInclude Include="ThirdParty\JoltPhysics\Jolt\Physics\Collision\Shape\ScaleHelpers.h">
      <Filter>ThirdParty\JoltPhysics\Jolt\Physics\Collision\Shape</Filter>
    </ClInclude>
    <ClInclude Include="ThirdParty\JoltPhysics\Jolt\Physics\Collision\Shape\Shape.h">
      <Filter>ThirdParty\JoltPhysics\Jolt\Physics\Collision\Shape</Filter>
    </ClInclude>
    <ClInclude Include="ThirdParty\JoltPhysics\Jolt\Physics\Collision\Shape\SphereShape.h">
      <Filter>ThirdParty\JoltPhysics\Jolt\Physics\Collision\Shape</Filter>
    </ClInclude>
    <ClInclude Include="ThirdParty\JoltPhysics\Jolt\Physics\Collision\Shape\StaticCompoundShape.h">
      <Filter>ThirdParty\JoltPhysics\Jolt\Physics\Collision\Shape</Filter>
    </ClInclude>
    <ClInclude Include="ThirdParty\JoltPhysics\Jolt\Physics\Collision\Shape\SubShapeID.h">
      <Filter>ThirdParty\JoltPhysics\Jolt\Physics\Collision\Shape</Filter>
    </ClInclude>
    <ClInclude Include="ThirdParty\JoltPhysics\Jolt\Physics\Collision\Shape\SubShapeIDPair.h">
      <Filter>ThirdParty\JoltPhysics\Jolt\Physics\Collision\Shape</Filter>
    </ClInclude>
    <ClInclude Include="ThirdParty\JoltPhysics\Jolt\Physics\Collision\Shape\TaperedCapsuleShape.h">
      <Filter>ThirdParty\JoltPhysics\Jolt\Physics\Collision\Shape</Filter>
    </ClInclude>
    <ClInclude Include="ThirdParty\JoltPhysics\Jolt\Physics\Collision\Shape\TaperedCylinderShape.h">
      <Filter>ThirdParty\JoltPhysics\Jolt\Physics\Collision\Shape</Filter>
    </ClInclude>
    <ClInclude Include="ThirdParty\JoltPhysics\Jolt\Physics\Collision\Shape\TriangleShape.h">
      <Filter>ThirdParty\JoltPhysics\Jolt\Physics\Collision\Shape</Filter>
    </ClInclude>
    <ClInclude Include="ThirdParty\JoltPhysics\Jolt\Core\ARMNeon.h">
      <Filter>ThirdParty\JoltPhysics\Jolt\Core</Filter>
    </ClInclude>
    <ClInclude Include="ThirdParty\JoltPhysics\Jolt\Core\Array.h">
      <Filter>ThirdParty\JoltPhysics\Jolt\Core</Filter>
    </ClInclude>
    <ClInclude Include="ThirdParty\JoltPhysics\Jolt\Core\Atomics.h">
      <Filter>ThirdParty\JoltPhysics\Jolt\Core</Filter>
    </ClInclude>
    <ClInclude Include="ThirdParty\JoltPhysics\Jolt\Core\BinaryHeap.h">
      <Filter>ThirdParty\JoltPhysics\Jolt\Core</Filter>
    </ClInclude>
    <ClInclude Include="ThirdParty\JoltPhysics\Jolt\Core\ByteBuffer.h">
      <Filter>ThirdParty\JoltPhysics\Jolt\Core</Filter>
    </ClInclude>
    <ClInclude Include="ThirdParty\JoltPhysics\Jolt\Core\Color.h">
      <Filter>ThirdParty\JoltPhysics\Jolt\Core</Filter>
    </ClInclude>
    <ClInclude Include="ThirdParty\JoltPhysics\Jolt\Core\Core.h">
      <Filter>ThirdParty\JoltPhysics\Jolt\Core</Filter>
    </ClInclude>
    <ClInclude Include="ThirdParty\JoltPhysics\Jolt\Core\Factory.h">
      <Filter>ThirdParty\JoltPhysics\Jolt\Core</Filter>
    </ClInclude>
    <ClInclude Include="ThirdParty\JoltPhysics\Jolt\Core\FixedSizeFreeList.h">
      <Filter>ThirdParty\JoltPhysics\Jolt\Core</Filter>
    </ClInclude>
    <ClInclude Include="ThirdParty\JoltPhysics\Jolt\Core\FPControlWord.h">
      <Filter>ThirdParty\JoltPhysics\Jolt\Core</Filter>
    </ClInclude>
    <ClInclude Include="ThirdParty\JoltPhysics\Jolt\Core\FPException.h">
      <Filter>ThirdParty\JoltPhysics\Jolt\Core</Filter>
    </ClInclude>
    <ClInclude Include="ThirdParty\JoltPhysics\Jolt\Core\FPFlushDenormals.h">
      <Filter>ThirdParty\JoltPhysics\Jolt\Core</Filter>
    </ClInclude>
    <ClInclude Include="ThirdParty\JoltPhysics\Jolt\Core\HashCombine.h">
      <Filter>ThirdParty\JoltPhysics\Jolt\Core</Filter>
    </ClInclude>
    <ClInclude Include="ThirdParty\JoltPhysics\Jolt\Core\HashTable.h">
      <Filter>ThirdParty\JoltPhysics\Jolt\Core</Filter>
    </ClInclude>
    <ClInclude Include="ThirdParty\JoltPhysics\Jolt\Core\InsertionSort.h">
      <Filter>ThirdParty\JoltPhysics\Jolt\Core</Filter>
    </ClInclude>
    <ClInclude Include="ThirdParty\JoltPhysics\Jolt\Core\IssueReporting.h">
      <Filter>ThirdParty\JoltPhysics\Jolt\Core</Filter>
    </ClInclude>
    <ClInclude Include="ThirdParty\JoltPhysics\Jolt\Core\JobSystem.h">
      <Filter>ThirdParty\JoltPhysics\Jolt\Core</Filter>
    </ClInclude>
    <ClInclude Include="ThirdParty\JoltPhysics\Jolt\Core\JobSystemSingleThreaded.h">
      <Filter>ThirdParty\JoltPhysics\Jolt\Core</Filter>
    </ClInclude>
    <ClInclude Include="ThirdParty\JoltPhysics\Jolt\Core\JobSystemThreadPool.h">
      <Filter>ThirdParty\JoltPhysics\Jolt\Core</Filter>
    </ClInclude>
    <ClInclude Include="ThirdParty\JoltPhysics\Jolt\Core\JobSystemWithBarrier.h">
      <Filter>ThirdParty\JoltPhysics\Jolt\Core</Filter>
    </ClInclude>
    <ClInclude Include="ThirdParty\JoltPhysics\Jolt\Core\LinearCurve.h">
      <Filter>ThirdParty\JoltPhysics\Jolt\Core</Filter>
    </ClInclude>
    <ClInclude Include="ThirdParty\JoltPhysics\Jolt\Core\LockFreeHashMap.h">
      <Filter>ThirdParty\JoltPhysics\Jolt\Core</Filter>
    </ClInclude>
    <ClInclude Include="ThirdParty\JoltPhysics\Jolt\Core\Memory.h">
      <Filter>ThirdParty\JoltPhysics\Jolt\Core</Filter>
    </ClInclude>
    <ClInclude Include="ThirdParty\JoltPhysics\Jolt\Core\Mutex.h">
      <Filter>ThirdParty\JoltPhysics\Jolt\Core</Filter>
    </ClInclude>
    <ClInclude Include="ThirdParty\JoltPhysics\Jolt\Core\MutexArray.h">
      <Filter>ThirdParty\JoltPhysics\Jolt\Core</Filter>
    </ClInclude>
    <ClInclude Include="ThirdParty\JoltPhysics\Jolt\Core\NonCopyable.h">
      <Filter>ThirdParty\JoltPhysics\Jolt\Core</Filter>
    </ClInclude>
    <ClInclude Include="ThirdParty\JoltPhysics\Jolt\Core\Profiler.h">
      <Filter>ThirdParty\JoltPhysics\Jolt\Core</Filter>
    </ClInclude>
    <ClInclude Include="ThirdParty\JoltPhysics\Jolt\Core\QuickSort.h">
      <Filter>ThirdParty\JoltPhysics\Jolt\Core</Filter>
    </ClInclude>
    <ClInclude Include="ThirdParty\JoltPhysics\Jolt\Core\Reference.h">
      <Filter>ThirdParty\JoltPhysics\Jolt\Core</Filter>
    </ClInclude>
    <ClInclude Include="ThirdParty\JoltPhysics\Jolt\Core\Result.h">
      <Filter>ThirdParty\JoltPhysics\Jolt\Core</Filter>
    </ClInclude>
    <ClInclude Include="ThirdParty\JoltPhysics\Jolt\Core\RTTI.h">
      <Filter>ThirdParty\JoltPhysics\Jolt\Core</Filter>
    </ClInclude>
    <ClInclude Include="ThirdParty\JoltPhysics\Jolt\Core\ScopeExit.h">
      <Filter>ThirdParty\JoltPhysics\Jolt\Core</Filter>
    </ClInclude>
    <ClInclude Include="ThirdParty\JoltPhysics\Jolt\Core\Semaphore.h">
      <Filter>ThirdParty\JoltPhysics\Jolt\Core</Filter>
    </ClInclude>
    <ClInclude Include="ThirdParty\JoltPhysics\Jolt\Core\StaticArray.h">
      <Filter>ThirdParty\JoltPhysics\Jolt\Core</Filter>
    </ClInclude>
    <ClInclude Include="ThirdParty\JoltPhysics\Jolt\Core\STLAlignedAllocator.h">
      <Filter>ThirdParty\JoltPhysics\Jolt\Core</Filter>
    </ClInclude>
    <ClInclude Include="ThirdParty\JoltPhysics\Jolt\Core\STLAllocator.h">
      <Filter>ThirdParty\JoltPhysics\Jolt\Core</Filter>
    </ClInclude>
    <ClInclude Include="ThirdParty\JoltPhysics\Jolt\Core\STLLocalAllocator.h">
      <Filter>ThirdParty\JoltPhysics\Jolt\Core</Filter>
    </ClInclude>
    <ClInclude Include="ThirdParty\JoltPhysics\Jolt\Core\STLTempAllocator.h">
      <Filter>ThirdParty\JoltPhysics\Jolt\Core</Filter>
    </ClInclude>
    <ClInclude Include="ThirdParty\JoltPhysics\Jolt\Core\StreamIn.h">
      <Filter>ThirdParty\JoltPhysics\Jolt\Core</Filter>
    </ClInclude>
    <ClInclude Include="ThirdParty\JoltPhysics\Jolt\Core\StreamOut.h">
      <Filter>ThirdParty\JoltPhysics\Jolt\Core</Filter>
    </ClInclude>
    <ClInclude Include="ThirdParty\JoltPhysics\Jolt\Core\StreamUtils.h">
      <Filter>ThirdParty\JoltPhysics\Jolt\Core</Filter>
    </ClInclude>
    <ClInclude Include="ThirdParty\JoltPhysics\Jolt\Core\StreamWrapper.h">
      <Filter>ThirdParty\JoltPhysics\Jolt\Core</Filter>
    </ClInclude>
    <ClInclude Include="ThirdParty\JoltPhysics\Jolt\Core\StridedPtr.h">
      <Filter>ThirdParty\JoltPhysics\Jolt\Core</Filter>
    </ClInclude>
    <ClInclude Include="ThirdParty\JoltPhysics\Jolt\Core\StringTools.h">
      <Filter>ThirdParty\JoltPhysics\Jolt\Core</Filter>
    </ClInclude>
    <ClInclude Include="ThirdParty\JoltPhysics\Jolt\Core\TempAllocator.h">
      <Filter>ThirdParty\JoltPhysics\Jolt\Core</Filter>
    </ClInclude>
    <ClInclude Include="ThirdParty\JoltPhysics\Jolt\Core\TickCounter.h">
      <Filter>ThirdParty\JoltPhysics\Jolt\Core</Filter>
    </ClInclude>
    <ClInclude Include="ThirdParty\JoltPhysics\Jolt\Core\UnorderedMap.h">
      <Filter>ThirdParty\JoltPhysics\Jolt\Core</Filter>
    </ClInclude>
    <ClInclude Include="ThirdParty\JoltPhysics\Jolt\Core\UnorderedSet.h">
      <Filter>ThirdParty\JoltPhysics\Jolt\Core</Filter>
    </ClInclude>
    <ClInclude Include="ThirdParty\JoltPhysics\Jolt\ConfigurationString.h">
      <Filter>ThirdParty\JoltPhysics\Jolt</Filter>
    </ClInclude>
    <ClInclude Include="ThirdParty\JoltPhysics\Jolt\RegisterTypes.h">
      <Filter>ThirdParty\JoltPhysics\Jolt</Filter>
    </ClInclude>
    <ClInclude Include="ThirdParty\JoltPhysics\Jolt\Physics\DeterminismLog.h">
      <Filter>ThirdParty\JoltPhysics\Jolt\Physics</Filter>
    </ClInclude>
    <ClInclude Include="ThirdParty\JoltPhysics\Jolt\Physics\EActivation.h">
      <Filter>ThirdParty\JoltPhysics\Jolt\Physics</Filter>
    </ClInclude>
    <ClInclude Include="ThirdParty\JoltPhysics\Jolt\Physics\EPhysicsUpdateError.h">
      <Filter>ThirdParty\JoltPhysics\Jolt\Physics</Filter>
    </ClInclude>
    <ClInclude Include="ThirdParty\JoltPhysics\Jolt\Physics\IslandBuilder.h">
      <Filter>ThirdParty\JoltPhysics\Jolt\Physics</Filter>
    </ClInclude>
    <ClInclude Include="ThirdParty\JoltPhysics\Jolt\Physics\LargeIslandSplitter.h">
      <Filter>ThirdParty\JoltPhysics\Jolt\Physics</Filter>
    </ClInclude>
    <ClInclude Include="ThirdParty\JoltPhysics\Jolt\Physics\PhysicsLock.h">
      <Filter>ThirdParty\JoltPhysics\Jolt\Physics</Filter>
    </ClInclude>
    <ClInclude Include="ThirdParty\JoltPhysics\Jolt\Physics\PhysicsScene.h">
      <Filter>ThirdParty\JoltPhysics\Jolt\Physics</Filter>
    </ClInclude>
    <ClInclude Include="ThirdParty\JoltPhysics\Jolt\Physics\PhysicsSettings.h">
      <Filter>ThirdParty\JoltPhysics\Jolt\Physics</Filter>
    </ClInclude>
    <ClInclude Include="ThirdParty\JoltPhysics\Jolt\Physics\PhysicsStepListener.h">
      <Filter>ThirdParty\JoltPhysics\Jolt\Physics</Filter>
    </ClInclude>
    <ClInclude Include="ThirdParty\JoltPhysics\Jolt\Physics\PhysicsSystem.h">
      <Filter>ThirdParty\JoltPhysics\Jolt\Physics</Filter>
    </ClInclude>
    <ClInclude Include="ThirdParty\JoltPhysics\Jolt\Physics\PhysicsUpdateContext.h">
      <Filter>ThirdParty\JoltPhysics\Jolt\Physics</Filter>
    </ClInclude>
    <ClInclude Include="ThirdParty\JoltPhysics\Jolt\Physics\StateRecorder.h">
      <Filter>ThirdParty\JoltPhysics\Jolt\Physics</Filter>
    </ClInclude>
    <ClInclude Include="ThirdParty\JoltPhysics\Jolt\Physics\StateRecorderImpl.h">
      <Filter>ThirdParty\JoltPhysics\Jolt\Physics</Filter>
    </ClInclude>
    <ClInclude Include="Runtime\Physics\PhysicsSystem.h">
      <Filter>Runtime\Physics</Filter>
    </ClInclude>
    <ClInclude Include="Runtime\Component\RigidBody.h">
      <Filter>Runtime\Component</Filter>
    </ClInclude>
    <ClInclude Include="Runtime\Core\Event\Event.h">
      <Filter>Runtime\Core\Event</Filter>
    </ClInclude>
    <ClInclude Include="Scripting\CS\Bindings\RigidBodyBinding.h">
      <Filter>Scripting\CS\Binding</Filter>
    </ClInclude>
    <ClInclude Include="Scripting\CS\Bindings\BoxColliderBinding.h">
      <Filter>Scripting\CS\Binding</Filter>
    </ClInclude>
    <ClInclude Include="Runtime\Core\Math.h">
      <Filter>Runtime\Core</Filter>
    </ClInclude>
    <ClInclude Include="Runtime\Platform\windows.h">
      <Filter>Runtime\Platform</Filter>
    </ClInclude>
    <ClInclude Include="ThirdParty\miniaudio\miniaudio.h">
      <Filter>ThirdParty\miniaudio</Filter>
    </ClInclude>
    <ClInclude Include="Runtime\Audio\AudioEngine.h">
      <Filter>Runtime\Audio</Filter>
    </ClInclude>
    <ClInclude Include="Scripting\CS\Bindings\AudioManagerBinding.h">
      <Filter>Scripting\CS\Binding</Filter>
    </ClInclude>
  </ItemGroup>
  <ItemGroup>
    <ResourceCompile Include="ZaxEngine.rc">
      <Filter>资源文件</Filter>
    </ResourceCompile>
  </ItemGroup>
  <ItemGroup>
    <None Include="ThirdParty\JoltPhysics\Jolt\Core\FixedSizeFreeList.inl">
      <Filter>ThirdParty\JoltPhysics\Jolt\Core</Filter>
    </None>
    <None Include="ThirdParty\JoltPhysics\Jolt\Core\JobSystem.inl">
      <Filter>ThirdParty\JoltPhysics\Jolt\Core</Filter>
    </None>
    <None Include="ThirdParty\JoltPhysics\Jolt\Core\LockFreeHashMap.inl">
      <Filter>ThirdParty\JoltPhysics\Jolt\Core</Filter>
    </None>
    <None Include="ThirdParty\JoltPhysics\Jolt\Core\Profiler.inl">
      <Filter>ThirdParty\JoltPhysics\Jolt\Core</Filter>
    </None>
  </ItemGroup>
</Project>