
Microsoft Visual Studio Solution File, Format Version 12.00
# Visual Studio Version 17
VisualStudioVersion = 17.6.33829.357
MinimumVisualStudioVersion = 10.0.40219.1
Project("{8BC9CEB8-8B4A-11D0-8D11-00A0C91BC942}") = "ZaxEngine", "ZaxEngine\ZaxEngine.vcxproj", "{1D1708C8-945C-4A68-AF07-A32FE253247B}"
	ProjectSection(ProjectDependencies) = postProject
		{A56960F8-CBF4-447C-9385-AEDA5755C00A} = {A56960F8-CBF4-447C-9385-AEDA5755C00A}
	EndProjectSection
EndProject
Project("{FAE04EC0-301F-11D3-BF4B-00C04F79EFBC}") = "ZaxEngine.Core", "ZaxEngine\CS\Core\ZaxEngine.Core.csproj", "{A56960F8-CBF4-447C-9385-AEDA5755C00A}"
EndProject
Global
	GlobalSection(SolutionConfigurationPlatforms) = preSolution
		Debug|Any CPU = Debug|Any CPU
		Debug|x64 = Debug|x64
		Debug|x86 = Debug|x86
		Release|Any CPU = Release|Any CPU
		Release|x64 = Release|x64
		Release|x86 = Release|x86
	EndGlobalSection
	GlobalSection(ProjectConfigurationPlatforms) = postSolution
		{1D1708C8-945C-4A68-AF07-A32FE253247B}.Debug|Any CPU.ActiveCfg = Debug|x64
		{1D1708C8-945C-4A68-AF07-A32FE253247B}.Debug|Any CPU.Build.0 = Debug|x64
		{1D1708C8-945C-4A68-AF07-A32FE253247B}.Debug|x64.ActiveCfg = Debug|x64
		{1D1708C8-945C-4A68-AF07-A32FE253247B}.Debug|x64.Build.0 = Debug|x64
		{1D1708C8-945C-4A68-AF07-A32FE253247B}.Debug|x86.ActiveCfg = Debug|Win32
		{1D1708C8-945C-4A68-AF07-A32FE253247B}.Debug|x86.Build.0 = Debug|Win32
		{1D1708C8-945C-4A68-AF07-A32FE253247B}.Release|Any CPU.ActiveCfg = Release|x64
		{1D1708C8-945C-4A68-AF07-A32FE253247B}.Release|Any CPU.Build.0 = Release|x64
		{1D1708C8-945C-4A68-AF07-A32FE253247B}.Release|x64.ActiveCfg = Release|x64
		{1D1708C8-945C-4A68-AF07-A32FE253247B}.Release|x64.Build.0 = Release|x64
		{1D1708C8-945C-4A68-AF07-A32FE253247B}.Release|x86.ActiveCfg = Release|Win32
		{1D1708C8-945C-4A68-AF07-A32FE253247B}.Release|x86.Build.0 = Release|Win32
		{A56960F8-CBF4-447C-9385-AEDA5755C00A}.Debug|Any CPU.ActiveCfg = Debug|Any CPU
		{A56960F8-CBF4-447C-9385-AEDA5755C00A}.Debug|Any CPU.Build.0 = Debug|Any CPU
		{A56960F8-CBF4-447C-9385-AEDA5755C00A}.Debug|x64.ActiveCfg = Debug|Any CPU
		{A56960F8-CBF4-447C-9385-AEDA5755C00A}.Debug|x64.Build.0 = Debug|Any CPU
		{A56960F8-CBF4-447C-9385-AEDA5755C00A}.Debug|x86.ActiveCfg = Debug|Any CPU
		{A56960F8-CBF4-447C-9385-AEDA5755C00A}.Debug|x86.Build.0 = Debug|Any CPU
		{A56960F8-CBF4-447C-9385-AEDA5755C00A}.Release|Any CPU.ActiveCfg = Release|Any CPU
		{A56960F8-CBF4-447C-9385-AEDA5755C00A}.Release|Any CPU.Build.0 = Release|Any CPU
		{A56960F8-CBF4-447C-9385-AEDA5755C00A}.Release|x64.ActiveCfg = Release|Any CPU
		{A56960F8-CBF4-447C-9385-AEDA5755C00A}.Release|x64.Build.0 = Release|Any CPU
		{A56960F8-CBF4-447C-9385-AEDA5755C00A}.Release|x86.ActiveCfg = Release|Any CPU
		{A56960F8-CBF4-447C-9385-AEDA5755C00A}.Release|x86.Build.0 = Release|Any CPU
	EndGlobalSection
	GlobalSection(SolutionProperties) = preSolution
		HideSolutionNode = FALSE
	EndGlobalSection
	GlobalSection(ExtensibilityGlobals) = postSolution
		SolutionGuid = {FC4B542B-3740-42CA-9C25-28E5DA2D4B0D}
	EndGlobalSection
EndGlobal
